
Microsoft Visual Studio Solution File, Format Version 12.00
# Visual Studio Version 17
VisualStudioVersion = 17.5.33424.131
MinimumVisualStudioVersion = 10.0.40219.1
Project("{FAE04EC0-301F-11D3-BF4B-00C04F79EFBC}") = "NCMLinqProject3111", "NCMLinqProject3111\NCMLinqProject3111.csproj", "{3BA17842-47D4-410E-B014-E6107C0E8E7E}"
EndProject
Global
	GlobalSection(SolutionConfigurationPlatforms) = preSolution
		Debug|Any CPU = Debug|Any CPU
		Release|Any CPU = Release|Any CPU
	EndGlobalSection
	GlobalSection(ProjectConfigurationPlatforms) = postSolution
		{3BA17842-47D4-410E-B014-E6107C0E8E7E}.Debug|Any CPU.ActiveCfg = Debug|Any CPU
		{3BA17842-47D4-410E-B014-E6107C0E8E7E}.Debug|Any CPU.Build.0 = Debug|Any CPU
		{3BA17842-47D4-410E-B014-E6107C0E8E7E}.Release|Any CPU.ActiveCfg = Release|Any CPU
		{3BA17842-47D4-410E-B014-E6107C0E8E7E}.Release|Any CPU.Build.0 = Release|Any CPU
	EndGlobalSection
	GlobalSection(SolutionProperties) = preSolution
		HideSolutionNode = FALSE
	EndGlobalSection
	GlobalSection(ExtensibilityGlobals) = postSolution
		SolutionGuid = {D6DCECB7-94BA-47A8-BB51-82DEE74C80FB}
	EndGlobalSection
EndGlobal
